{
  "nodes": {
    "code-companion": {
      "flake": false,
      "locked": {
        "lastModified": 1713252475,
        "narHash": "sha256-ztQ1ktsOj1wKpkjfO8UX77mid0OPsRfVOztdLh8nvkk=",
        "owner": "olimorris",
        "repo": "codecompanion.nvim",
        "rev": "e8c749a55158938a8cb02ce285244f8bf91c8d02",
        "type": "github"
      },
      "original": {
        "owner": "olimorris",
        "repo": "codecompanion.nvim",
        "type": "github"
      }
    },
    "flake-utils": {
      "inputs": {
        "systems": "systems"
      },
      "locked": {
        "lastModified": 1710146030,
        "narHash": "sha256-SZ5L6eA7HJ/nmkzGG7/ISclqe6oZdOZTNoesiInkXPQ=",
        "owner": "numtide",
        "repo": "flake-utils",
        "rev": "b1d9ab70662946ef0850d488da1c9019f3a9752a",
        "type": "github"
      },
      "original": {
        "owner": "numtide",
        "repo": "flake-utils",
        "type": "github"
      }
    },
    "flash": {
      "flake": false,
      "locked": {
        "lastModified": 1697529873,
        "narHash": "sha256-j917u46PaOG6RmsKKoUQHuBMfXfGDD/uOBzDGhKlwTE=",
        "owner": "folke",
        "repo": "flash.nvim",
        "rev": "48817af25f51c0590653bbc290866e4890fe1cbe",
        "type": "github"
      },
      "original": {
        "owner": "folke",
        "repo": "flash.nvim",
        "type": "github"
      }
    },
    "lazy-nvim": {
      "flake": false,
      "locked": {
        "lastModified": 1711740527,
        "narHash": "sha256-MyJfQS80so7COsN87aGtd6DSrDKUme6SaFGWpaQ1ZHk=",
        "owner": "folke",
        "repo": "lazy.nvim",
        "rev": "31ddbea7c10b6920c9077b66c97951ca8682d5c8",
        "type": "github"
      },
      "original": {
        "owner": "folke",
        "repo": "lazy.nvim",
        "type": "github"
      }
    },
    "nixpkgs": {
      "locked": {
        "lastModified": 1713489661,
        "narHash": "sha256-tmM0ye1L3lOZiwdZgndlHE8UE9F4E8RhNnT8DZa0P2w=",
        "owner": "NixOS",
        "repo": "nixpkgs",
        "rev": "3d06f73179401bcce967c5a5b54cc7005cb26348",
        "type": "github"
      },
      "original": {
        "owner": "NixOS",
        "repo": "nixpkgs",
        "type": "github"
      }
    },
    "root": {
      "inputs": {
        "code-companion": "code-companion",
        "flake-utils": "flake-utils",
        "flash": "flash",
        "lazy-nvim": "lazy-nvim",
        "nixpkgs": "nixpkgs",
        "treesitter": "treesitter",
        "which-key": "which-key"
      }
    },
    "systems": {
      "locked": {
        "lastModified": 1681028828,
        "narHash": "sha256-Vy1rq5AaRuLzOxct8nz4T6wlgyUR7zLU309k9mBC768=",
        "owner": "nix-systems",
        "repo": "default",
        "rev": "da67096a3b9bf56a91d16901293e51ba5b49a27e",
        "type": "github"
      },
      "original": {
        "owner": "nix-systems",
        "repo": "default",
        "type": "github"
      }
    },
    "treesitter": {
      "flake": false,
      "locked": {
        "lastModified": 1713512096,
        "narHash": "sha256-ECjYorLsX0p5pWL5nuqKsh7u1oKzzWYHIQc3in1Lj4I=",
        "owner": "nvim-treesitter",
        "repo": "nvim-treesitter",
        "rev": "fea5808a58dc00b7131163886fe2648bbcae9dff",
        "type": "github"
      },
      "original": {
        "owner": "nvim-treesitter",
        "repo": "nvim-treesitter",
        "type": "github"
      }
    },
    "which-key": {
      "flake": false,
      "locked": {
        "lastModified": 1697801635,
        "narHash": "sha256-uvghPj/teWrRMm09Gh8iQ/LV2nYJw0lmoiZK6L4+1cY=",
        "owner": "folke",
        "repo": "which-key.nvim",
        "rev": "4433e5ec9a507e5097571ed55c02ea9658fb268a",
        "type": "github"
      },
      "original": {
        "owner": "folke",
        "repo": "which-key.nvim",
        "type": "github"
      }
    }
  },
  "root": "root",
  "version": 7
}
